{
  "pins" : [
    {
      "identity" : "customerio-ios",
      "kind" : "remoteSourceControl",
      "location" : "https://github.com/customerio/customerio-ios.git",
      "state" : {
        "revision" : "f8b000489dde8457e9dca37acb657a87efb1db13",
        "version" : "1.2.7"
      }
    },
    {
      "identity" : "gist-apple",
      "kind" : "remoteSourceControl",
      "location" : "https://gitlab.com/bourbonltd/gist-apple.git",
      "state" : {
        "revision" : "408077c633807dc00fbce263cf513f69ab40a75b",
        "version" : "2.2.2"
      }
    }
  ],
  "version" : 2
}
